lockfileVersion: '6.0'

settings:
  autoInstallPeers: true
  excludeLinksFromLockfile: false

dependencies:
  '@codemirror/lang-python':
    specifier: ^6.1.6
    version: 6.1.6(@codemirror/view@6.34.1)

packages:

  /@codemirror/autocomplete@6.18.1(@codemirror/language@6.10.3)(@codemirror/state@6.4.1)(@codemirror/view@6.34.1)(@lezer/common@1.2.2):
    resolution: {integrity: sha512-iWHdj/B1ethnHRTwZj+C1obmmuCzquH29EbcKr0qIjA9NfDeBDJ7vs+WOHsFeLeflE4o+dHfYndJloMKHUkWUA==}
    peerDependencies:
      '@codemirror/language': ^6.0.0
      '@codemirror/state': ^6.0.0
      '@codemirror/view': ^6.0.0
      '@lezer/common': ^1.0.0
    dependencies:
      '@codemirror/language': 6.10.3
      '@codemirror/state': 6.4.1
      '@codemirror/view': 6.34.1
      '@lezer/common': 1.2.2
    dev: false

  /@codemirror/lang-python@6.1.6(@codemirror/view@6.34.1):
    resolution: {integrity: sha512-ai+01WfZhWqM92UqjnvorkxosZ2aq2u28kHvr+N3gu012XqY2CThD67JPMHnGceRfXPDBmn1HnyqowdpF57bNg==}
    dependencies:
      '@codemirror/autocomplete': 6.18.1(@codemirror/language@6.10.3)(@codemirror/state@6.4.1)(@codemirror/view@6.34.1)(@lezer/common@1.2.2)
      '@codemirror/language': 6.10.3
      '@codemirror/state': 6.4.1
      '@lezer/common': 1.2.2
      '@lezer/python': 1.1.14
    transitivePeerDependencies:
      - '@codemirror/view'
    dev: false

  /@codemirror/language@6.10.3:
    resolution: {integrity: sha512-kDqEU5sCP55Oabl6E7m5N+vZRoc0iWqgDVhEKifcHzPzjqCegcO4amfrYVL9PmPZpl4G0yjkpTpUO/Ui8CzO8A==}
    dependencies:
      '@codemirror/state': 6.4.1
      '@codemirror/view': 6.34.1
      '@lezer/common': 1.2.2
      '@lezer/highlight': 1.2.1
      '@lezer/lr': 1.4.2
      style-mod: 4.1.2
    dev: false

  /@codemirror/state@6.4.1:
    resolution: {integrity: sha512-QkEyUiLhsJoZkbumGZlswmAhA7CBU02Wrz7zvH4SrcifbsqwlXShVXg65f3v/ts57W3dqyamEriMhij1Z3Zz4A==}
    dev: false

  /@codemirror/view@6.34.1:
    resolution: {integrity: sha512-t1zK/l9UiRqwUNPm+pdIT0qzJlzuVckbTEMVNFhfWkGiBQClstzg+78vedCvLSX0xJEZ6lwZbPpnljL7L6iwMQ==}
    dependencies:
      '@codemirror/state': 6.4.1
      style-mod: 4.1.2
      w3c-keyname: 2.2.8
    dev: false

  /@lezer/common@1.2.2:
    resolution: {integrity: sha512-Z+R3hN6kXbgBWAuejUNPihylAL1Z5CaFqnIe0nTX8Ej+XlIy3EGtXxn6WtLMO+os2hRkQvm2yvaGMYliUzlJaw==}
    dev: false

  /@lezer/highlight@1.2.1:
    resolution: {integrity: sha512-Z5duk4RN/3zuVO7Jq0pGLJ3qynpxUVsh7IbUbGj88+uV2ApSAn6kWg2au3iJb+0Zi7kKtqffIESgNcRXWZWmSA==}
    dependencies:
      '@lezer/common': 1.2.2
    dev: false

  /@lezer/lr@1.4.2:
    resolution: {integrity: sha512-pu0K1jCIdnQ12aWNaAVU5bzi7Bd1w54J3ECgANPmYLtQKP0HBj2cE/5coBD66MT10xbtIuUr7tg0Shbsvk0mDA==}
    dependencies:
      '@lezer/common': 1.2.2
    dev: false

  /@lezer/python@1.1.14:
    resolution: {integrity: sha512-ykDOb2Ti24n76PJsSa4ZoDF0zH12BSw1LGfQXCYJhJyOGiFTfGaX0Du66Ze72R+u/P35U+O6I9m8TFXov1JzsA==}
    dependencies:
      '@lezer/common': 1.2.2
      '@lezer/highlight': 1.2.1
      '@lezer/lr': 1.4.2
    dev: false

  /style-mod@4.1.2:
    resolution: {integrity: sha512-wnD1HyVqpJUI2+eKZ+eo1UwghftP6yuFheBqqe+bWCotBjC2K1YnteJILRMs3SM4V/0dLEW1SC27MWP5y+mwmw==}
    dev: false

  /w3c-keyname@2.2.8:
    resolution: {integrity: sha512-dpojBhNsCNN7T82Tm7k26A6G9ML3NkhDsnw9n/eoxSRlVBB4CEtIQ/KTCLI2Fwf3ataSXRhYFkQi3SlnFwPvPQ==}
    dev: false
